
Microsoft Visual Studio Solution File, Format Version 12.00
# Visual Studio Version 16
VisualStudioVersion = 16.0.30517.126
MinimumVisualStudioVersion = 10.0.40219.1
Project("{9A19103F-16F7-4668-BE54-9A1E7A4F7556}") = "mbfwAPI", "mbfwAPI.csproj", "{C6BD5E36-936B-4330-A4C8-EDCD72CDEDC9}"
EndProject
Global
	GlobalSection(SolutionConfigurationPlatforms) = preSolution
		Debug|Any CPU = Debug|Any CPU
		Release|Any CPU = Release|Any CPU
	EndGlobalSection
	GlobalSection(ProjectConfigurationPlatforms) = postSolution
		{C6BD5E36-936B-4330-A4C8-EDCD72CDEDC9}.Debug|Any CPU.ActiveCfg = Debug|Any CPU
		{C6BD5E36-936B-4330-A4C8-EDCD72CDEDC9}.Debug|Any CPU.Build.0 = Debug|Any CPU
		{C6BD5E36-936B-4330-A4C8-EDCD72CDEDC9}.Release|Any CPU.ActiveCfg = Release|Any CPU
		{C6BD5E36-936B-4330-A4C8-EDCD72CDEDC9}.Release|Any CPU.Build.0 = Release|Any CPU
	EndGlobalSection
	GlobalSection(SolutionProperties) = preSolution
		HideSolutionNode = FALSE
	EndGlobalSection
	GlobalSection(ExtensibilityGlobals) = postSolution
		SolutionGuid = {A2253A10-8647-4D95-AD9A-3572CAA0B8C9}
	EndGlobalSection
EndGlobal
